// !$*UTF8*$!
{
	archiveVersion = 1;
	classes = {
	};
	objectVersion = 55;
	objects = {

/* Begin PBXBuildFile section */
		4E0DC56F280E7CEB00CEC80B /* ScoreViewModel.swift in Sources */ = {isa = PBXBuildFile; fileRef = 4E0DC56E280E7CEB00CEC80B /* ScoreViewModel.swift */; };
		4E7BE658280E615700C235F0 /* ScoreView.swift in Sources */ = {isa = PBXBuildFile; fileRef = 4E7BE657280E615700C235F0 /* ScoreView.swift */; };
		4E8CD12627CD892200ADC6A9 /* CodeHistoryApp.swift in Sources */ = {isa = PBXBuildFile; fileRef = 4E8CD12527CD892200ADC6A9 /* CodeHistoryApp.swift */; };
		4E8CD12827CD892200ADC6A9 /* GameView.swift in Sources */ = {isa = PBXBuildFile; fileRef = 4E8CD12727CD892200ADC6A9 /* GameView.swift */; };
		4E8CD12A27CD892300ADC6A9 /* Assets.xcassets in Resources */ = {isa = PBXBuildFile; fileRef = 4E8CD12927CD892300ADC6A9 /* Assets.xcassets */; };
		4E8CD12D27CD892300ADC6A9 /* Preview Assets.xcassets in Resources */ = {isa = PBXBuildFile; fileRef = 4E8CD12C27CD892300ADC6A9 /* Preview Assets.xcassets */; };
		4E8CD14E27D1972800ADC6A9 /* Question.swift in Sources */ = {isa = PBXBuildFile; fileRef = 4E8CD14D27D1972800ADC6A9 /* Question.swift */; };
		4E8CD15027D1999C00ADC6A9 /* ChoiceTextView.swift in Sources */ = {isa = PBXBuildFile; fileRef = 4E8CD14F27D1999C00ADC6A9 /* ChoiceTextView.swift */; };
		4EB0157E27FFA96E009750B8 /* BottomTextView.swift in Sources */ = {isa = PBXBuildFile; fileRef = 4EB0157D27FFA96E009750B8 /* BottomTextView.swift */; };
		4EB3316827E7AAC30032D8D7 /* Game.swift in Sources */ = {isa = PBXBuildFile; fileRef = 4EB3316727E7AAC30032D8D7 /* Game.swift */; };
		4EF413A327FCDFBD00A00D65 /* WelcomeView.swift in Sources */ = {isa = PBXBuildFile; fileRef = 4EF413A227FCDFBD00A00D65 /* WelcomeView.swift */; };
		4EF413A527FD096C00A00D65 /* GameColor.swift in Sources */ = {isa = PBXBuildFile; fileRef = 4EF413A427FD096C00A00D65 /* GameColor.swift */; };
		4EFCD40A2807D64F009A88D4 /* GameViewModel.swift in Sources */ = {isa = PBXBuildFile; fileRef = 4EFCD4092807D64E009A88D4 /* GameViewModel.swift */; };
		4EFCD40D2808C348009A88D4 /* QuestionView.swift in Sources */ = {isa = PBXBuildFile; fileRef = 4EFCD40C2808C348009A88D4 /* QuestionView.swift */; };
/* End PBXBuildFile section */

/* Begin PBXFileReference section */
		4E0DC56E280E7CEB00CEC80B /* ScoreViewModel.swift */ = {isa = PBXFileReference; lastKnownFileType = sourcecode.swift; path = ScoreViewModel.swift; sourceTree = "<group>"; };
		4E7BE657280E615700C235F0 /* ScoreView.swift */ = {isa = PBXFileReference; lastKnownFileType = sourcecode.swift; name = ScoreView.swift; path = "CodeHistory/ViewModels /ScoreView.swift"; sourceTree = SOURCE_ROOT; };
		4E8CD12227CD892200ADC6A9 /* CodeHistory.app */ = {isa = PBXFileReference; explicitFileType = wrapper.application; includeInIndex = 0; path = CodeHistory.app; sourceTree = BUILT_PRODUCTS_DIR; };
		4E8CD12527CD892200ADC6A9 /* CodeHistoryApp.swift */ = {isa = PBXFileReference; lastKnownFileType = sourcecode.swift; path = CodeHistoryApp.swift; sourceTree = "<group>"; };
		4E8CD12727CD892200ADC6A9 /* GameView.swift */ = {isa = PBXFileReference; lastKnownFileType = sourcecode.swift; path = GameView.swift; sourceTree = "<group>"; };
		4E8CD12927CD892300ADC6A9 /* Assets.xcassets */ = {isa = PBXFileReference; lastKnownFileType = folder.assetcatalog; path = Assets.xcassets; sourceTree = "<group>"; };
		4E8CD12C27CD892300ADC6A9 /* Preview Assets.xcassets */ = {isa = PBXFileReference; lastKnownFileType = folder.assetcatalog; path = "Preview Assets.xcassets"; sourceTree = "<group>"; };
		4E8CD14D27D1972800ADC6A9 /* Question.swift */ = {isa = PBXFileReference; lastKnownFileType = sourcecode.swift; path = Question.swift; sourceTree = "<group>"; };
		4E8CD14F27D1999C00ADC6A9 /* ChoiceTextView.swift */ = {isa = PBXFileReference; lastKnownFileType = sourcecode.swift; path = ChoiceTextView.swift; sourceTree = "<group>"; };
		4EB0157D27FFA96E009750B8 /* BottomTextView.swift */ = {isa = PBXFileReference; lastKnownFileType = sourcecode.swift; path = BottomTextView.swift; sourceTree = "<group>"; };
		4EB3316727E7AAC30032D8D7 /* Game.swift */ = {isa = PBXFileReference; lastKnownFileType = sourcecode.swift; path = Game.swift; sourceTree = "<group>"; };
		4EF413A227FCDFBD00A00D65 /* WelcomeView.swift */ = {isa = PBXFileReference; lastKnownFileType = sourcecode.swift; path = WelcomeView.swift; sourceTree = "<group>"; };
		4EF413A427FD096C00A00D65 /* GameColor.swift */ = {isa = PBXFileReference; lastKnownFileType = sourcecode.swift; path = GameColor.swift; sourceTree = "<group>"; };
		4EFCD4092807D64E009A88D4 /* GameViewModel.swift */ = {isa = PBXFileReference; lastKnownFileType = sourcecode.swift; path = GameViewModel.swift; sourceTree = "<group>"; };
		4EFCD40C2808C348009A88D4 /* QuestionView.swift */ = {isa = PBXFileReference; lastKnownFileType = sourcecode.swift; path = QuestionView.swift; sourceTree = "<group>"; };
/* End PBXFileReference section */

/* Begin PBXFrameworksBuildPhase section */
		4E8CD11F27CD892200ADC6A9 /* Frameworks */ = {
			isa = PBXFrameworksBuildPhase;
			buildActionMask = 2147483647;
			files = (
			);
			runOnlyForDeploymentPostprocessing = 0;
		};
/* End PBXFrameworksBuildPhase section */

/* Begin PBXGroup section */
		4E8CD11927CD892200ADC6A9 = {
			isa = PBXGroup;
			children = (
				4E8CD12427CD892200ADC6A9 /* CodeHistory */,
				4E8CD12327CD892200ADC6A9 /* Products */,
			);
			sourceTree = "<group>";
		};
		4E8CD12327CD892200ADC6A9 /* Products */ = {
			isa = PBXGroup;
			children = (
				4E8CD12227CD892200ADC6A9 /* CodeHistory.app */,
			);
			name = Products;
			sourceTree = "<group>";
		};
		4E8CD12427CD892200ADC6A9 /* CodeHistory */ = {
			isa = PBXGroup;
			children = (
				4E8CD12527CD892200ADC6A9 /* CodeHistoryApp.swift */,
				4EFCD40B2807D652009A88D4 /* ViewModels  */,
				4EB3316A27E7AC910032D8D7 /* Views */,
				4EB3316927E7AC4B0032D8D7 /* Models */,
				4E8CD12927CD892300ADC6A9 /* Assets.xcassets */,
				4E8CD12B27CD892300ADC6A9 /* Preview Content */,
			);
			path = CodeHistory;
			sourceTree = "<group>";
		};
		4E8CD12B27CD892300ADC6A9 /* Preview Content */ = {
			isa = PBXGroup;
			children = (
				4E8CD12C27CD892300ADC6A9 /* Preview Assets.xcassets */,
			);
			path = "Preview Content";
			sourceTree = "<group>";
		};
		4EB3316927E7AC4B0032D8D7 /* Models */ = {
			isa = PBXGroup;
			children = (
				4E8CD14D27D1972800ADC6A9 /* Question.swift */,
				4EB3316727E7AAC30032D8D7 /* Game.swift */,
			);
			path = Models;
			sourceTree = "<group>";
		};
		4EB3316A27E7AC910032D8D7 /* Views */ = {
			isa = PBXGroup;
			children = (
				4EF413A227FCDFBD00A00D65 /* WelcomeView.swift */,
				4E8CD12727CD892200ADC6A9 /* GameView.swift */,
				4EFCD40C2808C348009A88D4 /* QuestionView.swift */,
				4E7BE657280E615700C235F0 /* ScoreView.swift */,
				4EF413A427FD096C00A00D65 /* GameColor.swift */,
				4EB0157D27FFA96E009750B8 /* BottomTextView.swift */,
				4E8CD14F27D1999C00ADC6A9 /* ChoiceTextView.swift */,
			);
			path = Views;
			sourceTree = "<group>";
		};
		4EFCD40B2807D652009A88D4 /* ViewModels  */ = {
			isa = PBXGroup;
			children = (
				4EFCD4092807D64E009A88D4 /* GameViewModel.swift */,
				4E0DC56E280E7CEB00CEC80B /* ScoreViewModel.swift */,
			);
			path = "ViewModels ";
			sourceTree = "<group>";
		};
/* End PBXGroup section */

/* Begin PBXNativeTarget section */
		4E8CD12127CD892200ADC6A9 /* CodeHistory */ = {
			isa = PBXNativeTarget;
			buildConfigurationList = 4E8CD13027CD892300ADC6A9 /* Build configuration list for PBXNativeTarget "CodeHistory" */;
			buildPhases = (
				4E8CD11E27CD892200ADC6A9 /* Sources */,
				4E8CD11F27CD892200ADC6A9 /* Frameworks */,
				4E8CD12027CD892200ADC6A9 /* Resources */,
			);
			buildRules = (
			);
			dependencies = (
			);
			name = CodeHistory;
			productName = CodeHistory;
			productReference = 4E8CD12227CD892200ADC6A9 /* CodeHistory.app */;
			productType = "com.apple.product-type.application";
		};
/* End PBXNativeTarget section */

/* Begin PBXProject section */
		4E8CD11A27CD892200ADC6A9 /* Project object */ = {
			isa = PBXProject;
			attributes = {
				BuildIndependentTargetsInParallel = 1;
				LastSwiftUpdateCheck = 1320;
				LastUpgradeCheck = 1320;
				TargetAttributes = {
					4E8CD12127CD892200ADC6A9 = {
						CreatedOnToolsVersion = 13.2.1;
					};
				};
			};
			buildConfigurationList = 4E8CD11D27CD892200ADC6A9 /* Build configuration list for PBXProject "CodeHistory" */;
			compatibilityVersion = "Xcode 13.0";
			developmentRegion = en;
			hasScannedForEncodings = 0;
			knownRegions = (
				en,
				Base,
			);
			mainGroup = 4E8CD11927CD892200ADC6A9;
			productRefGroup = 4E8CD12327CD892200ADC6A9 /* Products */;
			projectDirPath = "";
			projectRoot = "";
			targets = (
				4E8CD12127CD892200ADC6A9 /* CodeHistory */,
			);
		};
/* End PBXProject section */

/* Begin PBXResourcesBuildPhase section */
		4E8CD12027CD892200ADC6A9 /* Resources */ = {
			isa = PBXResourcesBuildPhase;
			buildActionMask = 2147483647;
			files = (
				4E8CD12D27CD892300ADC6A9 /* Preview Assets.xcassets in Resources */,
				4E8CD12A27CD892300ADC6A9 /* Assets.xcassets in Resources */,
			);
			runOnlyForDeploymentPostprocessing = 0;
		};
/* End PBXResourcesBuildPhase section */

/* Begin PBXSourcesBuildPhase section */
		4E8CD11E27CD892200ADC6A9 /* Sources */ = {
			isa = PBXSourcesBuildPhase;
			buildActionMask = 2147483647;
			files = (
				4EFCD40D2808C348009A88D4 /* QuestionView.swift in Sources */,
				4EFCD40A2807D64F009A88D4 /* GameViewModel.swift in Sources */,
				4E8CD14E27D1972800ADC6A9 /* Question.swift in Sources */,
				4E0DC56F280E7CEB00CEC80B /* ScoreViewModel.swift in Sources */,
				4EF413A327FCDFBD00A00D65 /* WelcomeView.swift in Sources */,
				4EB3316827E7AAC30032D8D7 /* Game.swift in Sources */,
				4E8CD12827CD892200ADC6A9 /* GameView.swift in Sources */,
				4EB0157E27FFA96E009750B8 /* BottomTextView.swift in Sources */,
				4E7BE658280E615700C235F0 /* ScoreView.swift in Sources */,
				4EF413A527FD096C00A00D65 /* GameColor.swift in Sources */,
				4E8CD15027D1999C00ADC6A9 /* ChoiceTextView.swift in Sources */,
				4E8CD12627CD892200ADC6A9 /* CodeHistoryApp.swift in Sources */,
			);
			runOnlyForDeploymentPostprocessing = 0;
		};
/* End PBXSourcesBuildPhase section */

/* Begin XCBuildConfiguration section */
		4E8CD12E27CD892300ADC6A9 /* Debug */ = {
			isa = XCBuildConfiguration;
			buildSettings = {
				ALWAYS_SEARCH_USER_PATHS = NO;
				CLANG_ANALYZER_NONNULL = YES;
				CLANG_ANALYZER_NUMBER_OBJECT_CONVERSION = YES_AGGRESSIVE;
				CLANG_CXX_LANGUAGE_STANDARD = "gnu++17";
				CLANG_CXX_LIBRARY = "libc++";
				CLANG_ENABLE_MODULES = YES;
				CLANG_ENABLE_OBJC_ARC = YES;
				CLANG_ENABLE_OBJC_WEAK = YES;
				CLANG_WARN_BLOCK_CAPTURE_AUTORELEASING = YES;
				CLANG_WARN_BOOL_CONVERSION = YES;
				CLANG_WARN_COMMA = YES;
				CLANG_WARN_CONSTANT_CONVERSION = YES;
				CLANG_WARN_DEPRECATED_OBJC_IMPLEMENTATIONS = YES;
				CLANG_WARN_DIRECT_OBJC_ISA_USAGE = YES_ERROR;
				CLANG_WARN_DOCUMENTATION_COMMENTS = YES;
				CLANG_WARN_EMPTY_BODY = YES;
				CLANG_WARN_ENUM_CONVERSION = YES;
				CLANG_WARN_INFINITE_RECURSION = YES;
				CLANG_WARN_INT_CONVERSION = YES;
				CLANG_WARN_NON_LITERAL_NULL_CONVERSION = YES;
				CLANG_WARN_OBJC_IMPLICIT_RETAIN_SELF = YES;
				CLANG_WARN_OBJC_LITERAL_CONVERSION = YES;
				CLANG_WARN_OBJC_ROOT_CLASS = YES_ERROR;
				CLANG_WARN_QUOTED_INCLUDE_IN_FRAMEWORK_HEADER = YES;
				CLANG_WARN_RANGE_LOOP_ANALYSIS = YES;
				CLANG_WARN_STRICT_PROTOTYPES = YES;
				CLANG_WARN_SUSPICIOUS_MOVE = YES;
				CLANG_WARN_UNGUARDED_AVAILABILITY = YES_AGGRESSIVE;
				CLANG_WARN_UNREACHABLE_CODE = YES;
				CLANG_WARN__DUPLICATE_METHOD_MATCH = YES;
				COPY_PHASE_STRIP = NO;
				DEBUG_INFORMATION_FORMAT = dwarf;
				ENABLE_STRICT_OBJC_MSGSEND = YES;
				ENABLE_TESTABILITY = YES;
				GCC_C_LANGUAGE_STANDARD = gnu11;
				GCC_DYNAMIC_NO_PIC = NO;
				GCC_NO_COMMON_BLOCKS = YES;
				GCC_OPTIMIZATION_LEVEL = 0;
				GCC_PREPROCESSOR_DEFINITIONS = (
					"DEBUG=1",
					"$(inherited)",
				);
				GCC_WARN_64_TO_32_BIT_CONVERSION = YES;
				GCC_WARN_ABOUT_RETURN_TYPE = YES_ERROR;
				GCC_WARN_UNDECLARED_SELECTOR = YES;
				GCC_WARN_UNINITIALIZED_AUTOS = YES_AGGRESSIVE;
				GCC_WARN_UNUSED_FUNCTION = YES;
				GCC_WARN_UNUSED_VARIABLE = YES;
				IPHONEOS_DEPLOYMENT_TARGET = 15.2;
				MTL_ENABLE_DEBUG_INFO = INCLUDE_SOURCE;
				MTL_FAST_MATH = YES;
				ONLY_ACTIVE_ARCH = YES;
				SDKROOT = iphoneos;
				SWIFT_ACTIVE_COMPILATION_CONDITIONS = DEBUG;
				SWIFT_OPTIMIZATION_LEVEL = "-Onone";
			};
			name = Debug;
		};
		4E8CD12F27CD892300ADC6A9 /* Release */ = {
			isa = XCBuildConfiguration;
			buildSettings = {
				ALWAYS_SEARCH_USER_PATHS = NO;
				CLANG_ANALYZER_NONNULL = YES;
				CLANG_ANALYZER_NUMBER_OBJECT_CONVERSION = YES_AGGRESSIVE;
				CLANG_CXX_LANGUAGE_STANDARD = "gnu++17";
				CLANG_CXX_LIBRARY = "libc++";
				CLANG_ENABLE_MODULES = YES;
				CLANG_ENABLE_OBJC_ARC = YES;
				CLANG_ENABLE_OBJC_WEAK = YES;
				CLANG_WARN_BLOCK_CAPTURE_AUTORELEASING = YES;
				CLANG_WARN_BOOL_CONVERSION = YES;
				CLANG_WARN_COMMA = YES;
				CLANG_WARN_CONSTANT_CONVERSION = YES;
				CLANG_WARN_DEPRECATED_OBJC_IMPLEMENTATIONS = YES;
				CLANG_WARN_DIRECT_OBJC_ISA_USAGE = YES_ERROR;
				CLANG_WARN_DOCUMENTATION_COMMENTS = YES;
				CLANG_WARN_EMPTY_BODY = YES;
				CLANG_WARN_ENUM_CONVERSION = YES;
				CLANG_WARN_INFINITE_RECURSION = YES;
				CLANG_WARN_INT_CONVERSION = YES;
				CLANG_WARN_NON_LITERAL_NULL_CONVERSION = YES;
				CLANG_WARN_OBJC_IMPLICIT_RETAIN_SELF = YES;
				CLANG_WARN_OBJC_LITERAL_CONVERSION = YES;
				CLANG_WARN_OBJC_ROOT_CLASS = YES_ERROR;
				CLANG_WARN_QUOTED_INCLUDE_IN_FRAMEWORK_HEADER = YES;
				CLANG_WARN_RANGE_LOOP_ANALYSIS = YES;
				CLANG_WARN_STRICT_PROTOTYPES = YES;
				CLANG_WARN_SUSPICIOUS_MOVE = YES;
				CLANG_WARN_UNGUARDED_AVAILABILITY = YES_AGGRESSIVE;
				CLANG_WARN_UNREACHABLE_CODE = YES;
				CLANG_WARN__DUPLICATE_METHOD_MATCH = YES;
				COPY_PHASE_STRIP = NO;
				DEBUG_INFORMATION_FORMAT = "dwarf-with-dsym";
				ENABLE_NS_ASSERTIONS = NO;
				ENABLE_STRICT_OBJC_MSGSEND = YES;
				GCC_C_LANGUAGE_STANDARD = gnu11;
				GCC_NO_COMMON_BLOCKS = YES;
				GCC_WARN_64_TO_32_BIT_CONVERSION = YES;
				GCC_WARN_ABOUT_RETURN_TYPE = YES_ERROR;
				GCC_WARN_UNDECLARED_SELECTOR = YES;
				GCC_WARN_UNINITIALIZED_AUTOS = YES_AGGRESSIVE;
				GCC_WARN_UNUSED_FUNCTION = YES;
				GCC_WARN_UNUSED_VARIABLE = YES;
				IPHONEOS_DEPLOYMENT_TARGET = 15.2;
				MTL_ENABLE_DEBUG_INFO = NO;
				MTL_FAST_MATH = YES;
				SDKROOT = iphoneos;
				SWIFT_COMPILATION_MODE = wholemodule;
				SWIFT_OPTIMIZATION_LEVEL = "-O";
				VALIDATE_PRODUCT = YES;
			};
			name = Release;
		};
		4E8CD13127CD892300ADC6A9 /* Debug */ = {
			isa = XCBuildConfiguration;
			buildSettings = {
				ASSETCATALOG_COMPILER_APPICON_NAME = AppIcon;
				ASSETCATALOG_COMPILER_GLOBAL_ACCENT_COLOR_NAME = AccentColor;
				CODE_SIGN_STYLE = Automatic;
				CURRENT_PROJECT_VERSION = 1;
				DEVELOPMENT_ASSET_PATHS = "\"CodeHistory/Preview Content\"";
				ENABLE_PREVIEWS = YES;
				GENERATE_INFOPLIST_FILE = YES;
				INFOPLIST_KEY_UIApplicationSceneManifest_Generation = YES;
				INFOPLIST_KEY_UIApplicationSupportsIndirectInputEvents = YES;
				INFOPLIST_KEY_UILaunchScreen_Generation = YES;
				INFOPLIST_KEY_UISupportedInterfaceOrientations_iPad = "UIInterfaceOrientationPortrait UIInterfaceOrientationPortraitUpsideDown UIInterfaceOrientationLandscapeLeft UIInterfaceOrientationLandscapeRight";
				INFOPLIST_KEY_UISupportedInterfaceOrientations_iPhone = "UIInterfaceOrientationPortrait UIInterfaceOrientationLandscapeLeft UIInterfaceOrientationLandscapeRight";
				LD_RUNPATH_SEARCH_PATHS = (
					"$(inherited)",
					"@executable_path/Frameworks",
				);
				MARKETING_VERSION = 1.0;
				PRODUCT_BUNDLE_IDENTIFIER = ScottRome.CodeHistory;
				PRODUCT_NAME = "$(TARGET_NAME)";
				SWIFT_EMIT_LOC_STRINGS = YES;
				SWIFT_VERSION = 5.0;
				TARGETED_DEVICE_FAMILY = "1,2";
			};
			name = Debug;
		};
		4E8CD13227CD892300ADC6A9 /* Release */ = {
			isa = XCBuildConfiguration;
			buildSettings = {
				ASSETCATALOG_COMPILER_APPICON_NAME = AppIcon;
				ASSETCATALOG_COMPILER_GLOBAL_ACCENT_COLOR_NAME = AccentColor;
				CODE_SIGN_STYLE = Automatic;
				CURRENT_PROJECT_VERSION = 1;
				DEVELOPMENT_ASSET_PATHS = "\"CodeHistory/Preview Content\"";
				ENABLE_PREVIEWS = YES;
				GENERATE_INFOPLIST_FILE = YES;
				INFOPLIST_KEY_UIApplicationSceneManifest_Generation = YES;
				INFOPLIST_KEY_UIApplicationSupportsIndirectInputEvents = YES;
				INFOPLIST_KEY_UILaunchScreen_Generation = YES;
				INFOPLIST_KEY_UISupportedInterfaceOrientations_iPad = "UIInterfaceOrientationPortrait UIInterfaceOrientationPortraitUpsideDown UIInterfaceOrientationLandscapeLeft UIInterfaceOrientationLandscapeRight";
				INFOPLIST_KEY_UISupportedInterfaceOrientations_iPhone = "UIInterfaceOrientationPortrait UIInterfaceOrientationLandscapeLeft UIInterfaceOrientationLandscapeRight";
				LD_RUNPATH_SEARCH_PATHS = (
					"$(inherited)",
					"@executable_path/Frameworks",
				);
				MARKETING_VERSION = 1.0;
				PRODUCT_BUNDLE_IDENTIFIER = ScottRome.CodeHistory;
				PRODUCT_NAME = "$(TARGET_NAME)";
				SWIFT_EMIT_LOC_STRINGS = YES;
				SWIFT_VERSION = 5.0;
				TARGETED_DEVICE_FAMILY = "1,2";
			};
			name = Release;
		};
/* End XCBuildConfiguration section */

/* Begin XCConfigurationList section */
		4E8CD11D27CD892200ADC6A9 /* Build configuration list for PBXProject "CodeHistory" */ = {
			isa = XCConfigurationList;
			buildConfigurations = (
				4E8CD12E27CD892300ADC6A9 /* Debug */,
				4E8CD12F27CD892300ADC6A9 /* Release */,
			);
			defaultConfigurationIsVisible = 0;
			defaultConfigurationName = Release;
		};
		4E8CD13027CD892300ADC6A9 /* Build configuration list for PBXNativeTarget "CodeHistory" */ = {
			isa = XCConfigurationList;
			buildConfigurations = (
				4E8CD13127CD892300ADC6A9 /* Debug */,
				4E8CD13227CD892300ADC6A9 /* Release */,
			);
			defaultConfigurationIsVisible = 0;
			defaultConfigurationName = Release;
		};
/* End XCConfigurationList section */
	};
	rootObject = 4E8CD11A27CD892200ADC6A9 /* Project object */;
}
